{
  "name": "platforms",
  "version": "1.0.0",
  "lockfileVersion": 3,
  "requires": true,
  "packages": {
    "": {
      "name": "platforms",
      "version": "1.0.0",
      "license": "ISC",
      "dependencies": {
        "@rulen111/ajs": "^1.0.0"
      }
    },
    "node_modules/@rulen111/ajs": {
      "version": "1.0.0",
      "resolved": "https://npm.pkg.github.com/download/@rulen111/ajs/1.0.0/6d0bec41ecd84b93feb61b8bd9f333512c8a9eaa",
      "integrity": "sha512-jtPU7k5gEgIGbKwcTzHHFOXWYdYZjIp8GHxhQSqTKQ/zmz5zsllSMNuvOVsiQd6iY7vx3ubi1tL0F7OFL1FvZA=="
    }
  }
}
