{
  "name": "platforms",
  "version": "1.0.0",
  "lockfileVersion": 3,
  "requires": true,
  "packages": {
    "": {
      "name": "platforms",
      "version": "1.0.0",
      "license": "ISC",
      "dependencies": {
        "@rulen111/fpyajs-hw3-lib": "^1.0.0"
      }
    },
    "node_modules/@rulen111/fpyajs-hw3-lib": {
      "version": "1.0.0",
      "resolved": "https://npm.pkg.github.com/download/@rulen111/fpyajs-hw3-lib/1.0.0/b5fe4241a40ee8be1c6ccbb24487a56099a91a83",
      "integrity": "sha512-fkJBZykEvm4IKI7O4AjPYeeBF5VJAZAKxREVqI8APDQMp8PNYMRundhq2zrc5tY1g0Qb/NHRRRvI8rySBkVbqA=="
    }
  }
}
